{
  "name": "bento-silog",
  "version": "1.0.0",
  "lockfileVersion": 1,
  "requires": true,
  "dependencies": {
    "animate.css": {
      "version": "3.7.2",
      "resolved": "https://registry.npmjs.org/animate.css/-/animate.css-3.7.2.tgz",
      "integrity": "sha512-0bE8zYo7C0KvgOYrSVfrzkbYk6IOTVPNqkiHg2cbyF4Pq/PXzilz4BRWA3hwEUBoMp5VBgrC29lQIZyhRWdBTw=="
    },
    "bootstrap": {
      "version": "4.3.1",
      "resolved": "https://registry.npmjs.org/bootstrap/-/bootstrap-4.3.1.tgz",
      "integrity": "sha512-rXqOmH1VilAt2DyPzluTi2blhk17bO7ef+zLLPlWvG494pDxcM234pJ8wTc/6R40UWizAIIMgxjvxZg5kmsbag=="
    },
    "jquery": {
      "version": "3.5.0",
      "resolved": "https://registry.npmjs.org/jquery/-/jquery-3.5.0.tgz",
      "integrity": "sha512-Xb7SVYMvygPxbFMpTFQiHh1J7HClEaThguL15N/Gg37Lri/qKyhRGZYzHRyLH8Stq3Aow0LsHO2O2ci86fCrNQ=="
    },
    "jquery-parallax.js": {
      "version": "1.5.0",
      "resolved": "https://registry.npmjs.org/jquery-parallax.js/-/jquery-parallax.js-1.5.0.tgz",
      "integrity": "sha512-+SyyADkSloW92ZbqJ53yT8M+36GLI+SFOM32q3NeScEJ32u+YCxrDCmpdZmBjrUcJ/CFYuaq9fRwvhfE5u75ew==",
      "requires": {
        "jquery": ">=1.7"
      }
    },
    "owl.carousel": {
      "version": "2.3.4",
      "resolved": "https://registry.npmjs.org/owl.carousel/-/owl.carousel-2.3.4.tgz",
      "integrity": "sha512-JaDss9+feAvEW8KZppPSpllfposEzQiW+Ytt/Xm5t/3CTJ7YVmkh6RkWixoA2yXk2boIwedYxOvrrppIGzru9A==",
      "requires": {
        "jquery": ">=1.8.3"
      }
    },
    "popper.js": {
      "version": "1.15.0",
      "resolved": "https://registry.npmjs.org/popper.js/-/popper.js-1.15.0.tgz",
      "integrity": "sha512-w010cY1oCUmI+9KwwlWki+r5jxKfTFDVoadl7MSrIujHU5MJ5OR6HTDj6Xo8aoR/QsA56x8jKjA59qGH4ELtrA=="
    },
    "wow.js": {
      "version": "1.2.2",
      "resolved": "https://registry.npmjs.org/wow.js/-/wow.js-1.2.2.tgz",
      "integrity": "sha1-JHUZsKNCMZsaY+Iq6prOwanqV/U="
    }
  }
}
